
Microsoft Visual Studio Solution File, Format Version 12.00
# Visual Studio Version 17
VisualStudioVersion = 17.0.31912.275
MinimumVisualStudioVersion = 10.0.40219.1
Project("{FAE04EC0-301F-11D3-BF4B-00C04F79EFBC}") = "ShelterInstaller", "ShelterInstaller\ShelterInstaller.csproj", "{BD785B3B-ED32-4D35-9168-5D4C503A286C}"
EndProject
Project("{FAE04EC0-301F-11D3-BF4B-00C04F79EFBC}") = "ShelterPackager", "ShelterPackager\ShelterPackager.csproj", "{D243DB21-D7CF-4BB4-BCB5-DCF3215BA14B}"
EndProject
Project("{FAE04EC0-301F-11D3-BF4B-00C04F79EFBC}") = "ShelterLibrary", "ShelterLibrary\ShelterLibrary.csproj", "{E9C88408-85AE-4CE2-A795-BBCE59DE0C84}"
EndProject
Global
	GlobalSection(SolutionConfigurationPlatforms) = preSolution
		Debug|Any CPU = Debug|Any CPU
		Release|Any CPU = Release|Any CPU
	EndGlobalSection
	GlobalSection(ProjectConfigurationPlatforms) = postSolution
		{BD785B3B-ED32-4D35-9168-5D4C503A286C}.Debug|Any CPU.ActiveCfg = Debug|Any CPU
		{BD785B3B-ED32-4D35-9168-5D4C503A286C}.Debug|Any CPU.Build.0 = Debug|Any CPU
		{BD785B3B-ED32-4D35-9168-5D4C503A286C}.Release|Any CPU.ActiveCfg = Release|Any CPU
		{BD785B3B-ED32-4D35-9168-5D4C503A286C}.Release|Any CPU.Build.0 = Release|Any CPU
		{D243DB21-D7CF-4BB4-BCB5-DCF3215BA14B}.Debug|Any CPU.ActiveCfg = Debug|Any CPU
		{D243DB21-D7CF-4BB4-BCB5-DCF3215BA14B}.Debug|Any CPU.Build.0 = Debug|Any CPU
		{D243DB21-D7CF-4BB4-BCB5-DCF3215BA14B}.Release|Any CPU.ActiveCfg = Release|Any CPU
		{D243DB21-D7CF-4BB4-BCB5-DCF3215BA14B}.Release|Any CPU.Build.0 = Release|Any CPU
		{E9C88408-85AE-4CE2-A795-BBCE59DE0C84}.Debug|Any CPU.ActiveCfg = Debug|Any CPU
		{E9C88408-85AE-4CE2-A795-BBCE59DE0C84}.Debug|Any CPU.Build.0 = Debug|Any CPU
		{E9C88408-85AE-4CE2-A795-BBCE59DE0C84}.Release|Any CPU.ActiveCfg = Release|Any CPU
		{E9C88408-85AE-4CE2-A795-BBCE59DE0C84}.Release|Any CPU.Build.0 = Release|Any CPU
	EndGlobalSection
	GlobalSection(SolutionProperties) = preSolution
		HideSolutionNode = FALSE
	EndGlobalSection
	GlobalSection(ExtensibilityGlobals) = postSolution
		SolutionGuid = {1F8A0887-7717-4B7D-80EA-12FCBB52D0AC}
	EndGlobalSection
EndGlobal
